{
  "name": "example-subscription-web-app",
  "version": "1.0.0",
  "lockfileVersion": 1,
  "requires": true,
  "dependencies": {
    "@userdashboard/dashboard": {
      "version": "1.0.327",
      "resolved": "https://registry.npmjs.org/@userdashboard/dashboard/-/dashboard-1.0.327.tgz",
      "integrity": "sha512-G0sQRDnHeWb5eabjfc2RadeOif0vuh+vjqfVRxU5bVghO59yphHgCG5jL3RNokaCV/azcUwU4tpC3R8rr4dqag==",
      "requires": {
        "bcryptjs": "^2.4.3",
        "multiparty": "^4.2.1",
        "server-html": "^9.0.0",
        "uglify-js": "^2.8.29"
      },
      "dependencies": {
        "align-text": {
          "version": "0.1.4",
          "resolved": "https://registry.npmjs.org/align-text/-/align-text-0.1.4.tgz",
          "integrity": "sha1-DNkKVhCT810KmSVsIrcGlDP60Rc=",
          "requires": {
            "kind-of": "^3.0.2",
            "longest": "^1.0.1",
            "repeat-string": "^1.5.2"
          }
        },
        "bcryptjs": {
          "version": "2.4.3",
          "resolved": "https://registry.npmjs.org/bcryptjs/-/bcryptjs-2.4.3.tgz",
          "integrity": "sha1-mrVie5PmBiH/fNrF2pczAn3x0Ms="
        },
        "camelcase": {
          "version": "1.2.1",
          "resolved": "https://registry.npmjs.org/camelcase/-/camelcase-1.2.1.tgz",
          "integrity": "sha1-m7UwTS4LVmmLLHWLCKPqqdqlijk="
        },
        "center-align": {
          "version": "0.1.3",
          "resolved": "https://registry.npmjs.org/center-align/-/center-align-0.1.3.tgz",
          "integrity": "sha1-qg0yYptu6XIgBBHL1EYckHvCt60=",
          "requires": {
            "align-text": "^0.1.3",
            "lazy-cache": "^1.0.3"
          }
        },
        "cliui": {
          "version": "2.1.0",
          "resolved": "https://registry.npmjs.org/cliui/-/cliui-2.1.0.tgz",
          "integrity": "sha1-S0dXYP+AJkx2LDoXGQMukcf+oNE=",
          "requires": {
            "center-align": "^0.1.1",
            "right-align": "^0.1.1",
            "wordwrap": "0.0.2"
          }
        },
        "decamelize": {
          "version": "1.2.0",
          "resolved": "https://registry.npmjs.org/decamelize/-/decamelize-1.2.0.tgz",
          "integrity": "sha1-9lNNFRSCabIDUue+4m9QH5oZEpA="
        },
        "depd": {
          "version": "1.1.2",
          "resolved": "https://registry.npmjs.org/depd/-/depd-1.1.2.tgz",
          "integrity": "sha1-m81S4UwJd2PnSbJ0xDRu0uVgtak="
        },
        "html2json": {
          "version": "1.0.2",
          "resolved": "https://registry.npmjs.org/html2json/-/html2json-1.0.2.tgz",
          "integrity": "sha1-ydbSAvplQCOGwgKzRc9RvOgO0e8="
        },
        "http-errors": {
          "version": "1.8.0",
          "resolved": "https://registry.npmjs.org/http-errors/-/http-errors-1.8.0.tgz",
          "integrity": "sha512-4I8r0C5JDhT5VkvI47QktDW75rNlGVsUf/8hzjCC/wkWI/jdTRmBb9aI7erSG82r1bjKY3F6k28WnsVxB1C73A==",
          "requires": {
            "depd": "~1.1.2",
            "inherits": "2.0.4",
            "setprototypeof": "1.2.0",
            "statuses": ">= 1.5.0 < 2",
            "toidentifier": "1.0.0"
          }
        },
        "inherits": {
          "version": "2.0.4",
          "resolved": "https://registry.npmjs.org/inherits/-/inherits-2.0.4.tgz",
          "integrity": "sha512-k/vGaX4/Yla3WzyMCvTQOXYeIHvqOKtnqBduzTHpzpQZzAskKMhZ2K+EnBiSM9zGSoIFeMpXKxa4dYeZIQqewQ=="
        },
        "is-buffer": {
          "version": "1.1.6",
          "resolved": "https://registry.npmjs.org/is-buffer/-/is-buffer-1.1.6.tgz",
          "integrity": "sha512-NcdALwpXkTm5Zvvbk7owOUSvVvBKDgKP5/ewfXEznmQFfs4ZRmanOeKBTjRVjka3QFoN6XJ+9F3USqfHqTaU5w=="
        },
        "kind-of": {
          "version": "3.2.2",
          "resolved": "https://registry.npmjs.org/kind-of/-/kind-of-3.2.2.tgz",
          "integrity": "sha1-MeohpzS6ubuw8yRm2JOupR5KPGQ=",
          "requires": {
            "is-buffer": "^1.1.5"
          }
        },
        "lazy-cache": {
          "version": "1.0.4",
          "resolved": "https://registry.npmjs.org/lazy-cache/-/lazy-cache-1.0.4.tgz",
          "integrity": "sha1-odePw6UEdMuAhF07O24dpJpEbo4="
        },
        "longest": {
          "version": "1.0.1",
          "resolved": "https://registry.npmjs.org/longest/-/longest-1.0.1.tgz",
          "integrity": "sha1-MKCy2jj3N3DoKUoNIuZiXtd9AJc="
        },
        "multiparty": {
          "version": "4.2.2",
          "resolved": "https://registry.npmjs.org/multiparty/-/multiparty-4.2.2.tgz",
          "integrity": "sha512-NtZLjlvsjcoGrzojtwQwn/Tm90aWJ6XXtPppYF4WmOk/6ncdwMMKggFY2NlRRN9yiCEIVxpOfPWahVEG2HAG8Q==",
          "requires": {
            "http-errors": "~1.8.0",
            "safe-buffer": "5.2.1",
            "uid-safe": "2.1.5"
          }
        },
        "random-bytes": {
          "version": "1.0.0",
          "resolved": "https://registry.npmjs.org/random-bytes/-/random-bytes-1.0.0.tgz",
          "integrity": "sha1-T2ih3Arli9P7lYSMMDJNt11kNgs="
        },
        "repeat-string": {
          "version": "1.6.1",
          "resolved": "https://registry.npmjs.org/repeat-string/-/repeat-string-1.6.1.tgz",
          "integrity": "sha1-jcrkcOHIirwtYA//Sndihtp15jc="
        },
        "right-align": {
          "version": "0.1.3",
          "resolved": "https://registry.npmjs.org/right-align/-/right-align-0.1.3.tgz",
          "integrity": "sha1-YTObci/mo1FWiSENJOFMlhSGE+8=",
          "requires": {
            "align-text": "^0.1.1"
          }
        },
        "safe-buffer": {
          "version": "5.2.1",
          "resolved": "https://registry.npmjs.org/safe-buffer/-/safe-buffer-5.2.1.tgz",
          "integrity": "sha512-rp3So07KcdmmKbGvgaNxQSJr7bGVSVk5S9Eq1F+ppbRo70+YeaDxkw5Dd8NPN+GD6bjnYm2VuPuCXmpuYvmCXQ=="
        },
        "server-html": {
          "version": "9.0.0",
          "resolved": "https://registry.npmjs.org/server-html/-/server-html-9.0.0.tgz",
          "integrity": "sha512-FYD/IkjlPD9uxfoquH4p4rxk3JljRh4/ti117PCQ20SsgA5G+oaTyqYNtmOQp2ffCtkumape8ysY53IMTFP3gw==",
          "requires": {
            "html2json": "^1.0.2"
          }
        },
        "setprototypeof": {
          "version": "1.2.0",
          "resolved": "https://registry.npmjs.org/setprototypeof/-/setprototypeof-1.2.0.tgz",
          "integrity": "sha512-E5LDX7Wrp85Kil5bhZv46j8jOeboKq5JMmYM3gVGdGH8xFpPWXUMsNrlODCrkoxMEeNi/XZIwuRvY4XNwYMJpw=="
        },
        "source-map": {
          "version": "0.5.7",
          "resolved": "https://registry.npmjs.org/source-map/-/source-map-0.5.7.tgz",
          "integrity": "sha1-igOdLRAh0i0eoUyA2OpGi6LvP8w="
        },
        "statuses": {
          "version": "1.5.0",
          "resolved": "https://registry.npmjs.org/statuses/-/statuses-1.5.0.tgz",
          "integrity": "sha1-Fhx9rBd2Wf2YEfQ3cfqZOBR4Yow="
        },
        "toidentifier": {
          "version": "1.0.0",
          "resolved": "https://registry.npmjs.org/toidentifier/-/toidentifier-1.0.0.tgz",
          "integrity": "sha512-yaOH/Pk/VEhBWWTlhI+qXxDFXlejDGcQipMlyxda9nthulaxLZUNcUqFxokp0vcYnvteJln5FNQDRrxj3YcbVw=="
        },
        "uglify-js": {
          "version": "2.8.29",
          "resolved": "https://registry.npmjs.org/uglify-js/-/uglify-js-2.8.29.tgz",
          "integrity": "sha1-KcVzMUgFe7Th913zW3qcty5qWd0=",
          "requires": {
            "source-map": "~0.5.1",
            "uglify-to-browserify": "~1.0.0",
            "yargs": "~3.10.0"
          }
        },
        "uglify-to-browserify": {
          "version": "1.0.2",
          "resolved": "https://registry.npmjs.org/uglify-to-browserify/-/uglify-to-browserify-1.0.2.tgz",
          "integrity": "sha1-bgkk1r2mta/jSeOabWMoUKD4grc=",
          "optional": true
        },
        "uid-safe": {
          "version": "2.1.5",
          "resolved": "https://registry.npmjs.org/uid-safe/-/uid-safe-2.1.5.tgz",
          "integrity": "sha512-KPHm4VL5dDXKz01UuEd88Df+KzynaohSL9fBh096KWAxSKZQDI2uBrVqtvRM4rwrIrRRKsdLNML/lnaaVSRioA==",
          "requires": {
            "random-bytes": "~1.0.0"
          }
        },
        "window-size": {
          "version": "0.1.0",
          "resolved": "https://registry.npmjs.org/window-size/-/window-size-0.1.0.tgz",
          "integrity": "sha1-VDjNLqk7IC76Ohn+iIeu58lPnJ0="
        },
        "wordwrap": {
          "version": "0.0.2",
          "resolved": "https://registry.npmjs.org/wordwrap/-/wordwrap-0.0.2.tgz",
          "integrity": "sha1-t5Zpu0LstAn4PVg8rVLKF+qhZD8="
        },
        "yargs": {
          "version": "3.10.0",
          "resolved": "https://registry.npmjs.org/yargs/-/yargs-3.10.0.tgz",
          "integrity": "sha1-9+572FfdfB0tOMDnTvvWgdFDH9E=",
          "requires": {
            "camelcase": "^1.0.2",
            "cliui": "^2.1.0",
            "decamelize": "^1.0.0",
            "window-size": "0.1.0"
          }
        }
      }
    },
    "@userdashboard/maxmind-geoip": {
      "version": "1.0.83",
      "resolved": "https://registry.npmjs.org/@userdashboard/maxmind-geoip/-/maxmind-geoip-1.0.83.tgz",
      "integrity": "sha512-EH6kGL3CMQTmt1Z5pjfmb80SGUNpJi2lfo6jH3JhSaWvRDbwTkL1GJlzIss7MSE0M7bMStMzQkAGbOYeUVyJtA==",
      "requires": {
        "maxmind": "^2.12.0"
      },
      "dependencies": {
        "big-integer": {
          "version": "1.6.48",
          "resolved": "https://registry.npmjs.org/big-integer/-/big-integer-1.6.48.tgz",
          "integrity": "sha512-j51egjPa7/i+RdiRuJbPdJ2FIUYYPhvYLjzoYbcMMm62ooO6F94fETG4MTs46zPAF9Brs04OajboA/qTGuz78w=="
        },
        "maxmind": {
          "version": "2.12.0",
          "resolved": "https://registry.npmjs.org/maxmind/-/maxmind-2.12.0.tgz",
          "integrity": "sha512-gnLdeLg0GFYlrtPt2122RYrRUy8OWxrhYEDCORaUkr6AvKXnLfnNpsFmWUOBYkvZK17XX4NeuMwnjIQM9EcxTw==",
          "requires": {
            "big-integer": "^1.6.31",
            "tiny-lru": "^6.0.0"
          }
        },
        "tiny-lru": {
          "version": "6.1.0",
          "resolved": "https://registry.npmjs.org/tiny-lru/-/tiny-lru-6.1.0.tgz",
          "integrity": "sha512-lbz53M11ioFDKxPUBR2UVK7a8JolPZpSkzL0iXW60fpvU98P9+VqWQ7bGGJpGjqnIlILQzl9r+fikhqbcOs7bg=="
        }
      }
    },
    "@userdashboard/organizations": {
      "version": "1.0.136",
      "resolved": "https://registry.npmjs.org/@userdashboard/organizations/-/organizations-1.0.136.tgz",
      "integrity": "sha512-pg5u4bs3gLyrVKi14jb9RMYGtOc7jSz9Efo2ZcrTyk3s/ZeUeimRxaRNyNAlZi5NLXUskyGOAxuWi6GYp1/+0A=="
    },
    "@userdashboard/storage-redis": {
      "version": "1.0.22",
      "resolved": "https://registry.npmjs.org/@userdashboard/storage-redis/-/storage-redis-1.0.22.tgz",
      "integrity": "sha512-Kqk9odGqz5RKf8NAK88qJnw2NnP2AN3T8W3Z/YaWf6b2xF5eHSGs+SKikduy3nkh84SCIOQyDTrtc6g2CQ/+fQ==",
      "requires": {
        "redis": "^2.8.0"
      }
    },
    "@userdashboard/stripe-subscriptions": {
      "version": "1.0.87",
      "resolved": "https://registry.npmjs.org/@userdashboard/stripe-subscriptions/-/stripe-subscriptions-1.0.87.tgz",
      "integrity": "sha512-pdRnriYhijq2Q2JzeHLuw65ThntOuJBriZgK0olaSjTe1APy/NA3zuL8DH9VUVUlqH6MTK4lPEBoTBqFy3EgVA==",
      "requires": {
        "@userdashboard/maxmind-geoip": "^1.0.58",
        "stripe": "^7.15.0"
      }
    },
    "call-bind": {
      "version": "1.0.2",
      "resolved": "https://registry.npmjs.org/call-bind/-/call-bind-1.0.2.tgz",
      "integrity": "sha512-7O+FbCihrB5WGbFYesctwmTKae6rOiIzmz1icreWJ+0aA7LJfuqhEso2T9ncpcFtzMQtzXf2QGGueWJGTYsqrA==",
      "requires": {
        "function-bind": "^1.1.1",
        "get-intrinsic": "^1.0.2"
      }
    },
    "double-ended-queue": {
      "version": "2.1.0-0",
      "resolved": "https://registry.npmjs.org/double-ended-queue/-/double-ended-queue-2.1.0-0.tgz",
      "integrity": "sha1-ED01J/0xUo9AGIEwyEHv3XgmTlw="
    },
    "function-bind": {
      "version": "1.1.1",
      "resolved": "https://registry.npmjs.org/function-bind/-/function-bind-1.1.1.tgz",
      "integrity": "sha512-yIovAzMX49sF8Yl58fSCWJ5svSLuaibPxXQJFLmBObTuCr0Mf1KiPopGM9NiFjiYBCbfaa2Fh6breQ6ANVTI0A=="
    },
    "get-intrinsic": {
      "version": "1.1.3",
      "resolved": "https://registry.npmjs.org/get-intrinsic/-/get-intrinsic-1.1.3.tgz",
      "integrity": "sha512-QJVz1Tj7MS099PevUG5jvnt9tSkXN8K14dxQlikJuPt4uD9hHAHjLyLBiLR5zELelBdD9QNRAXZzsJx0WaDL9A==",
      "requires": {
        "function-bind": "^1.1.1",
        "has": "^1.0.3",
        "has-symbols": "^1.0.3"
      }
    },
    "has": {
      "version": "1.0.3",
      "resolved": "https://registry.npmjs.org/has/-/has-1.0.3.tgz",
      "integrity": "sha512-f2dvO0VU6Oej7RkWJGrehjbzMAjFp5/VKPp5tTpWIV4JHHZK1/BxbFRtf/siA2SWTe09caDmVtYYzWEIbBS4zw==",
      "requires": {
        "function-bind": "^1.1.1"
      }
    },
    "has-symbols": {
      "version": "1.0.3",
      "resolved": "https://registry.npmjs.org/has-symbols/-/has-symbols-1.0.3.tgz",
      "integrity": "sha512-l3LCuF6MgDNwTDKkdYGEihYjt5pRPbEg46rtlmnSPlUbgmB8LOIrKJbYYFBSbnPaJexMKtiPO8hmeRjRz2Td+A=="
    },
    "object-inspect": {
      "version": "1.12.2",
      "resolved": "https://registry.npmjs.org/object-inspect/-/object-inspect-1.12.2.tgz",
      "integrity": "sha512-z+cPxW0QGUp0mcqcsgQyLVRDoXFQbXOwBaqyF7VIgI4TWNQsDHrBpUQslRmIfAoYWdYzs6UlKJtB2XJpTaNSpQ=="
    },
    "qs": {
      "version": "6.11.0",
      "resolved": "https://registry.npmjs.org/qs/-/qs-6.11.0.tgz",
      "integrity": "sha512-MvjoMCJwEarSbUYk5O+nmoSzSutSsTwF85zcHPQ9OrlFoZOYIjaqBAJIqIXjptyD5vThxGq52Xu/MaJzRkIk4Q==",
      "requires": {
        "side-channel": "^1.0.4"
      }
    },
    "redis": {
      "version": "2.8.0",
      "resolved": "https://registry.npmjs.org/redis/-/redis-2.8.0.tgz",
      "integrity": "sha512-M1OkonEQwtRmZv4tEWF2VgpG0JWJ8Fv1PhlgT5+B+uNq2cA3Rt1Yt/ryoR+vQNOQcIEgdCdfH0jr3bDpihAw1A==",
      "requires": {
        "double-ended-queue": "^2.1.0-0",
        "redis-commands": "^1.2.0",
        "redis-parser": "^2.6.0"
      }
    },
    "redis-commands": {
      "version": "1.6.0",
      "resolved": "https://registry.npmjs.org/redis-commands/-/redis-commands-1.6.0.tgz",
      "integrity": "sha512-2jnZ0IkjZxvguITjFTrGiLyzQZcTvaw8DAaCXxZq/dsHXz7KfMQ3OUJy7Tz9vnRtZRVz6VRCPDvruvU8Ts44wQ=="
    },
    "redis-parser": {
      "version": "2.6.0",
      "resolved": "https://registry.npmjs.org/redis-parser/-/redis-parser-2.6.0.tgz",
      "integrity": "sha1-Uu0J2srBCPGmMcB+m2mUHnoZUEs="
    },
    "side-channel": {
      "version": "1.0.4",
      "resolved": "https://registry.npmjs.org/side-channel/-/side-channel-1.0.4.tgz",
      "integrity": "sha512-q5XPytqFEIKHkGdiMIrY10mvLRvnQh42/+GoBlFW3b2LXLE2xxJpZFdm94we0BaoV3RwJyGqg5wS7epxTv0Zvw==",
      "requires": {
        "call-bind": "^1.0.0",
        "get-intrinsic": "^1.0.2",
        "object-inspect": "^1.9.0"
      }
    },
    "stripe": {
      "version": "7.15.0",
      "resolved": "https://registry.npmjs.org/stripe/-/stripe-7.15.0.tgz",
      "integrity": "sha512-TmouNGv1rIU7cgw7iFKjdQueJSwYKdPRPBuO7eNjrRliZUnsf2bpJqYe+n6ByarUJr38KmhLheVUxDyRawByPQ==",
      "requires": {
        "qs": "^6.6.0"
      }
    }
  }
}
